
Microsoft Visual Studio Solution File, Format Version 12.00
# Visual Studio Version 17
VisualStudioVersion = 17.11.35222.181
MinimumVisualStudioVersion = 10.0.40219.1
Project("{9A19103F-16F7-4668-BE54-9A1E7A4F7556}") = "TaksonWebPage", "TaksonWebPage.csproj", "{FC65FB01-DB7F-4EAC-AFBB-8D6312FEFA7F}"
EndProject
Global
	GlobalSection(SolutionConfigurationPlatforms) = preSolution
		Debug|Any CPU = Debug|Any CPU
		Release|Any CPU = Release|Any CPU
	EndGlobalSection
	GlobalSection(ProjectConfigurationPlatforms) = postSolution
		{FC65FB01-DB7F-4EAC-AFBB-8D6312FEFA7F}.Debug|Any CPU.ActiveCfg = Release|Any CPU
		{FC65FB01-DB7F-4EAC-AFBB-8D6312FEFA7F}.Debug|Any CPU.Build.0 = Release|Any CPU
		{FC65FB01-DB7F-4EAC-AFBB-8D6312FEFA7F}.Release|Any CPU.ActiveCfg = Release|Any CPU
		{FC65FB01-DB7F-4EAC-AFBB-8D6312FEFA7F}.Release|Any CPU.Build.0 = Release|Any CPU
	EndGlobalSection
	GlobalSection(SolutionProperties) = preSolution
		HideSolutionNode = FALSE
	EndGlobalSection
	GlobalSection(ExtensibilityGlobals) = postSolution
		SolutionGuid = {98BA0A7A-CACF-418A-90BC-C2C706C7D5D4}
	EndGlobalSection
EndGlobal
